// !$*UTF8*$!
{
	archiveVersion = 1;
	classes = {
	};
	objectVersion = 46;
	objects = {

/* Begin PBXBuildFile section */
		1900C003A00922D4D85606AC /* Pods_HCSocialSignInTests.framework in Frameworks */ = {isa = PBXBuildFile; fileRef = 95D284AA207766AE5562B9AE /* Pods_HCSocialSignInTests.framework */; };
		6BB5D19BE534A96987BFBA0A /* Pods_HCSocialSignInUITests.framework in Frameworks */ = {isa = PBXBuildFile; fileRef = 1A53BB8BF9B1C25B7BCE0ECB /* Pods_HCSocialSignInUITests.framework */; };
		AF56E8891ED53AD300776B51 /* AppDelegate.swift in Sources */ = {isa = PBXBuildFile; fileRef = AF56E8881ED53AD300776B51 /* AppDelegate.swift */; };
		AF56E88B1ED53AD300776B51 /* LandingViewController.swift in Sources */ = {isa = PBXBuildFile; fileRef = AF56E88A1ED53AD300776B51 /* LandingViewController.swift */; };
		AF56E88E1ED53AD300776B51 /* Main.storyboard in Resources */ = {isa = PBXBuildFile; fileRef = AF56E88C1ED53AD300776B51 /* Main.storyboard */; };
		AF56E8901ED53AD300776B51 /* Assets.xcassets in Resources */ = {isa = PBXBuildFile; fileRef = AF56E88F1ED53AD300776B51 /* Assets.xcassets */; };
		AF56E8931ED53AD300776B51 /* LaunchScreen.storyboard in Resources */ = {isa = PBXBuildFile; fileRef = AF56E8911ED53AD300776B51 /* LaunchScreen.storyboard */; };
		AF56E89E1ED53AD300776B51 /* HCSocialSignInTests.swift in Sources */ = {isa = PBXBuildFile; fileRef = AF56E89D1ED53AD300776B51 /* HCSocialSignInTests.swift */; };
		AF56E8A91ED53AD300776B51 /* HCSocialSignInUITests.swift in Sources */ = {isa = PBXBuildFile; fileRef = AF56E8A81ED53AD300776B51 /* HCSocialSignInUITests.swift */; };
		AF56E8B81ED55D4900776B51 /* HCAppDelegateExtension.swift in Sources */ = {isa = PBXBuildFile; fileRef = AF56E8B71ED55D4900776B51 /* HCAppDelegateExtension.swift */; };
		AF56E8BA1ED601D000776B51 /* ProfileViewController.swift in Sources */ = {isa = PBXBuildFile; fileRef = AF56E8B91ED601D000776B51 /* ProfileViewController.swift */; };
		AF56E8E31ED6259900776B51 /* HCFacebookManager.swift in Sources */ = {isa = PBXBuildFile; fileRef = AF56E8E21ED6259900776B51 /* HCFacebookManager.swift */; };
		AFBDEC5E1EF5B3B500DD0314 /* HCLinkedInManager.swift in Sources */ = {isa = PBXBuildFile; fileRef = FD8C940E1EE12894004C2C3D /* HCLinkedInManager.swift */; };
		AFBDEC5F1EF5BA5300DD0314 /* LinkedInWebViewController.swift in Sources */ = {isa = PBXBuildFile; fileRef = FD036DC11EE54DB8001EE965 /* LinkedInWebViewController.swift */; };
		D60B151F0B9180026962F6EE /* Pods_HCSocialSignIn.framework in Frameworks */ = {isa = PBXBuildFile; fileRef = 1F8034187F2115BB5FC9A660 /* Pods_HCSocialSignIn.framework */; };
		FD036DC31EE54DB8001EE965 /* LinkedInWebViewController.swift in Sources */ = {isa = PBXBuildFile; fileRef = FD036DC11EE54DB8001EE965 /* LinkedInWebViewController.swift */; };
		FD8C940F1EE12894004C2C3D /* HCLinkedInManager.swift in Sources */ = {isa = PBXBuildFile; fileRef = FD8C940E1EE12894004C2C3D /* HCLinkedInManager.swift */; };
/* End PBXBuildFile section */

/* Begin PBXContainerItemProxy section */
		AF56E89A1ED53AD300776B51 /* PBXContainerItemProxy */ = {
			isa = PBXContainerItemProxy;
			containerPortal = AF56E87D1ED53AD300776B51 /* Project object */;
			proxyType = 1;
			remoteGlobalIDString = AF56E8841ED53AD300776B51;
			remoteInfo = HCSocialSignIn;
		};
		AF56E8A51ED53AD300776B51 /* PBXContainerItemProxy */ = {
			isa = PBXContainerItemProxy;
			containerPortal = AF56E87D1ED53AD300776B51 /* Project object */;
			proxyType = 1;
			remoteGlobalIDString = AF56E8841ED53AD300776B51;
			remoteInfo = HCSocialSignIn;
		};
/* End PBXContainerItemProxy section */

/* Begin PBXFileReference section */
		1A53BB8BF9B1C25B7BCE0ECB /* Pods_HCSocialSignInUITests.framework */ = {isa = PBXFileReference; explicitFileType = wrapper.framework; includeInIndex = 0; path = Pods_HCSocialSignInUITests.framework; sourceTree = BUILT_PRODUCTS_DIR; };
		1F8034187F2115BB5FC9A660 /* Pods_HCSocialSignIn.framework */ = {isa = PBXFileReference; explicitFileType = wrapper.framework; includeInIndex = 0; path = Pods_HCSocialSignIn.framework; sourceTree = BUILT_PRODUCTS_DIR; };
		6F4319A3BD2DE83EF6EF115B /* Pods-HCSocialSignIn.release.xcconfig */ = {isa = PBXFileReference; includeInIndex = 1; lastKnownFileType = text.xcconfig; name = "Pods-HCSocialSignIn.release.xcconfig"; path = "Pods/Target Support Files/Pods-HCSocialSignIn/Pods-HCSocialSignIn.release.xcconfig"; sourceTree = "<group>"; };
		7174541415ED3EC4C0F71DAB /* Pods-HCSocialSignInTests.release.xcconfig */ = {isa = PBXFileReference; includeInIndex = 1; lastKnownFileType = text.xcconfig; name = "Pods-HCSocialSignInTests.release.xcconfig"; path = "Pods/Target Support Files/Pods-HCSocialSignInTests/Pods-HCSocialSignInTests.release.xcconfig"; sourceTree = "<group>"; };
		8B1080189BB9CCD49E597309 /* Pods-HCSocialSignInUITests.debug.xcconfig */ = {isa = PBXFileReference; includeInIndex = 1; lastKnownFileType = text.xcconfig; name = "Pods-HCSocialSignInUITests.debug.xcconfig"; path = "Pods/Target Support Files/Pods-HCSocialSignInUITests/Pods-HCSocialSignInUITests.debug.xcconfig"; sourceTree = "<group>"; };
		95D284AA207766AE5562B9AE /* Pods_HCSocialSignInTests.framework */ = {isa = PBXFileReference; explicitFileType = wrapper.framework; includeInIndex = 0; path = Pods_HCSocialSignInTests.framework; sourceTree = BUILT_PRODUCTS_DIR; };
		A7C8CAFD13C6BE1D666ACA99 /* Pods-HCSocialSignInUITests.release.xcconfig */ = {isa = PBXFileReference; includeInIndex = 1; lastKnownFileType = text.xcconfig; name = "Pods-HCSocialSignInUITests.release.xcconfig"; path = "Pods/Target Support Files/Pods-HCSocialSignInUITests/Pods-HCSocialSignInUITests.release.xcconfig"; sourceTree = "<group>"; };
		AF56E8851ED53AD300776B51 /* HCSocialSignIn.app */ = {isa = PBXFileReference; explicitFileType = wrapper.application; includeInIndex = 0; path = HCSocialSignIn.app; sourceTree = BUILT_PRODUCTS_DIR; };
		AF56E8881ED53AD300776B51 /* AppDelegate.swift */ = {isa = PBXFileReference; lastKnownFileType = sourcecode.swift; path = AppDelegate.swift; sourceTree = "<group>"; };
		AF56E88A1ED53AD300776B51 /* LandingViewController.swift */ = {isa = PBXFileReference; lastKnownFileType = sourcecode.swift; path = LandingViewController.swift; sourceTree = "<group>"; };
		AF56E88D1ED53AD300776B51 /* Base */ = {isa = PBXFileReference; lastKnownFileType = file.storyboard; name = Base; path = Base.lproj/Main.storyboard; sourceTree = "<group>"; };
		AF56E88F1ED53AD300776B51 /* Assets.xcassets */ = {isa = PBXFileReference; lastKnownFileType = folder.assetcatalog; path = Assets.xcassets; sourceTree = "<group>"; };
		AF56E8921ED53AD300776B51 /* Base */ = {isa = PBXFileReference; lastKnownFileType = file.storyboard; name = Base; path = Base.lproj/LaunchScreen.storyboard; sourceTree = "<group>"; };
		AF56E8941ED53AD300776B51 /* Info.plist */ = {isa = PBXFileReference; lastKnownFileType = text.plist.xml; path = Info.plist; sourceTree = "<group>"; };
		AF56E8991ED53AD300776B51 /* HCSocialSignInTests.xctest */ = {isa = PBXFileReference; explicitFileType = wrapper.cfbundle; includeInIndex = 0; path = HCSocialSignInTests.xctest; sourceTree = BUILT_PRODUCTS_DIR; };
		AF56E89D1ED53AD300776B51 /* HCSocialSignInTests.swift */ = {isa = PBXFileReference; lastKnownFileType = sourcecode.swift; path = HCSocialSignInTests.swift; sourceTree = "<group>"; };
		AF56E89F1ED53AD300776B51 /* Info.plist */ = {isa = PBXFileReference; lastKnownFileType = text.plist.xml; path = Info.plist; sourceTree = "<group>"; };
		AF56E8A41ED53AD300776B51 /* HCSocialSignInUITests.xctest */ = {isa = PBXFileReference; explicitFileType = wrapper.cfbundle; includeInIndex = 0; path = HCSocialSignInUITests.xctest; sourceTree = BUILT_PRODUCTS_DIR; };
		AF56E8A81ED53AD300776B51 /* HCSocialSignInUITests.swift */ = {isa = PBXFileReference; lastKnownFileType = sourcecode.swift; path = HCSocialSignInUITests.swift; sourceTree = "<group>"; };
		AF56E8AA1ED53AD300776B51 /* Info.plist */ = {isa = PBXFileReference; lastKnownFileType = text.plist.xml; path = Info.plist; sourceTree = "<group>"; };
		AF56E8B71ED55D4900776B51 /* HCAppDelegateExtension.swift */ = {isa = PBXFileReference; fileEncoding = 4; lastKnownFileType = sourcecode.swift; path = HCAppDelegateExtension.swift; sourceTree = "<group>"; };
		AF56E8B91ED601D000776B51 /* ProfileViewController.swift */ = {isa = PBXFileReference; fileEncoding = 4; lastKnownFileType = sourcecode.swift; path = ProfileViewController.swift; sourceTree = "<group>"; };
		AF56E8E21ED6259900776B51 /* HCFacebookManager.swift */ = {isa = PBXFileReference; fileEncoding = 4; lastKnownFileType = sourcecode.swift; path = HCFacebookManager.swift; sourceTree = "<group>"; };
		B406E58B9E30D596A95FD063 /* Pods-HCSocialSignInTests.debug.xcconfig */ = {isa = PBXFileReference; includeInIndex = 1; lastKnownFileType = text.xcconfig; name = "Pods-HCSocialSignInTests.debug.xcconfig"; path = "Pods/Target Support Files/Pods-HCSocialSignInTests/Pods-HCSocialSignInTests.debug.xcconfig"; sourceTree = "<group>"; };
		D27C9F5524C8B6AB495B2A9C /* Pods-HCSocialSignIn.debug.xcconfig */ = {isa = PBXFileReference; includeInIndex = 1; lastKnownFileType = text.xcconfig; name = "Pods-HCSocialSignIn.debug.xcconfig"; path = "Pods/Target Support Files/Pods-HCSocialSignIn/Pods-HCSocialSignIn.debug.xcconfig"; sourceTree = "<group>"; };
		FD036DC11EE54DB8001EE965 /* LinkedInWebViewController.swift */ = {isa = PBXFileReference; fileEncoding = 4; lastKnownFileType = sourcecode.swift; path = LinkedInWebViewController.swift; sourceTree = "<group>"; };
		FD8C940E1EE12894004C2C3D /* HCLinkedInManager.swift */ = {isa = PBXFileReference; fileEncoding = 4; lastKnownFileType = sourcecode.swift; path = HCLinkedInManager.swift; sourceTree = "<group>"; };
		FD8C94101EE12C96004C2C3D /* linkedin-sdk.framework */ = {isa = PBXFileReference; lastKnownFileType = wrapper.framework; name = "linkedin-sdk.framework"; path = "../../../li-ios-sdk-1.0.7-release 2/linkedin-sdk.framework"; sourceTree = "<group>"; };
		FD8C94421EE1365B004C2C3D /* HCSocialSignIn-Bridging-Header.h */ = {isa = PBXFileReference; fileEncoding = 4; lastKnownFileType = sourcecode.c.h; path = "HCSocialSignIn-Bridging-Header.h"; sourceTree = "<group>"; };
/* End PBXFileReference section */

/* Begin PBXFrameworksBuildPhase section */
		AF56E8821ED53AD300776B51 /* Frameworks */ = {
			isa = PBXFrameworksBuildPhase;
			buildActionMask = 2147483647;
			files = (
				D60B151F0B9180026962F6EE /* Pods_HCSocialSignIn.framework in Frameworks */,
			);
			runOnlyForDeploymentPostprocessing = 0;
		};
		AF56E8961ED53AD300776B51 /* Frameworks */ = {
			isa = PBXFrameworksBuildPhase;
			buildActionMask = 2147483647;
			files = (
				1900C003A00922D4D85606AC /* Pods_HCSocialSignInTests.framework in Frameworks */,
			);
			runOnlyForDeploymentPostprocessing = 0;
		};
		AF56E8A11ED53AD300776B51 /* Frameworks */ = {
			isa = PBXFrameworksBuildPhase;
			buildActionMask = 2147483647;
			files = (
				6BB5D19BE534A96987BFBA0A /* Pods_HCSocialSignInUITests.framework in Frameworks */,
			);
			runOnlyForDeploymentPostprocessing = 0;
		};
/* End PBXFrameworksBuildPhase section */

/* Begin PBXGroup section */
		23A41E01609E8731A577F3DD /* Pods */ = {
			isa = PBXGroup;
			children = (
				D27C9F5524C8B6AB495B2A9C /* Pods-HCSocialSignIn.debug.xcconfig */,
				6F4319A3BD2DE83EF6EF115B /* Pods-HCSocialSignIn.release.xcconfig */,
				B406E58B9E30D596A95FD063 /* Pods-HCSocialSignInTests.debug.xcconfig */,
				7174541415ED3EC4C0F71DAB /* Pods-HCSocialSignInTests.release.xcconfig */,
				8B1080189BB9CCD49E597309 /* Pods-HCSocialSignInUITests.debug.xcconfig */,
				A7C8CAFD13C6BE1D666ACA99 /* Pods-HCSocialSignInUITests.release.xcconfig */,
			);
			name = Pods;
			sourceTree = "<group>";
		};
		46C1C688F5CDC3C066CB5D05 /* Frameworks */ = {
			isa = PBXGroup;
			children = (
				FD8C94101EE12C96004C2C3D /* linkedin-sdk.framework */,
				1F8034187F2115BB5FC9A660 /* Pods_HCSocialSignIn.framework */,
				95D284AA207766AE5562B9AE /* Pods_HCSocialSignInTests.framework */,
				1A53BB8BF9B1C25B7BCE0ECB /* Pods_HCSocialSignInUITests.framework */,
			);
			name = Frameworks;
			sourceTree = "<group>";
		};
		AF56E87C1ED53AD300776B51 = {
			isa = PBXGroup;
			children = (
				AF56E8871ED53AD300776B51 /* HCSocialSignIn */,
				AF56E89C1ED53AD300776B51 /* HCSocialSignInTests */,
				AF56E8A71ED53AD300776B51 /* HCSocialSignInUITests */,
				AF56E8861ED53AD300776B51 /* Products */,
				23A41E01609E8731A577F3DD /* Pods */,
				46C1C688F5CDC3C066CB5D05 /* Frameworks */,
			);
			sourceTree = "<group>";
		};
		AF56E8861ED53AD300776B51 /* Products */ = {
			isa = PBXGroup;
			children = (
				AF56E8851ED53AD300776B51 /* HCSocialSignIn.app */,
				AF56E8991ED53AD300776B51 /* HCSocialSignInTests.xctest */,
				AF56E8A41ED53AD300776B51 /* HCSocialSignInUITests.xctest */,
			);
			name = Products;
			sourceTree = "<group>";
		};
		AF56E8871ED53AD300776B51 /* HCSocialSignIn */ = {
			isa = PBXGroup;
			children = (
				AF56E8B61ED543BB00776B51 /* Source */,
				AF56E8881ED53AD300776B51 /* AppDelegate.swift */,
				AF56E88A1ED53AD300776B51 /* LandingViewController.swift */,
				AF56E8B91ED601D000776B51 /* ProfileViewController.swift */,
				AF56E88C1ED53AD300776B51 /* Main.storyboard */,
				AF56E88F1ED53AD300776B51 /* Assets.xcassets */,
				AF56E8911ED53AD300776B51 /* LaunchScreen.storyboard */,
				AF56E8941ED53AD300776B51 /* Info.plist */,
				FD8C94421EE1365B004C2C3D /* HCSocialSignIn-Bridging-Header.h */,
			);
			path = HCSocialSignIn;
			sourceTree = "<group>";
		};
		AF56E89C1ED53AD300776B51 /* HCSocialSignInTests */ = {
			isa = PBXGroup;
			children = (
				AF56E89D1ED53AD300776B51 /* HCSocialSignInTests.swift */,
				AF56E89F1ED53AD300776B51 /* Info.plist */,
			);
			path = HCSocialSignInTests;
			sourceTree = "<group>";
		};
		AF56E8A71ED53AD300776B51 /* HCSocialSignInUITests */ = {
			isa = PBXGroup;
			children = (
				AF56E8A81ED53AD300776B51 /* HCSocialSignInUITests.swift */,
				AF56E8AA1ED53AD300776B51 /* Info.plist */,
			);
			path = HCSocialSignInUITests;
			sourceTree = "<group>";
		};
		AF56E8B61ED543BB00776B51 /* Source */ = {
			isa = PBXGroup;
			children = (
				FD036DC01EE54D95001EE965 /* LinkedIn */,
				AF56E8B71ED55D4900776B51 /* HCAppDelegateExtension.swift */,
				AF56E8E21ED6259900776B51 /* HCFacebookManager.swift */,
			);
			path = Source;
			sourceTree = SOURCE_ROOT;
		};
		FD036DC01EE54D95001EE965 /* LinkedIn */ = {
			isa = PBXGroup;
			children = (
				FD8C940E1EE12894004C2C3D /* HCLinkedInManager.swift */,
				FD036DC11EE54DB8001EE965 /* LinkedInWebViewController.swift */,
			);
			name = LinkedIn;
			sourceTree = "<group>";
		};
/* End PBXGroup section */

/* Begin PBXNativeTarget section */
		AF56E8841ED53AD300776B51 /* HCSocialSignIn */ = {
			isa = PBXNativeTarget;
			buildConfigurationList = AF56E8AD1ED53AD300776B51 /* Build configuration list for PBXNativeTarget "HCSocialSignIn" */;
			buildPhases = (
				EBC56DE143F6A23E8605851A /* [CP] Check Pods Manifest.lock */,
				AF56E8811ED53AD300776B51 /* Sources */,
				AF56E8821ED53AD300776B51 /* Frameworks */,
				AF56E8831ED53AD300776B51 /* Resources */,
				EB2754F78958554DCB0ED4AF /* [CP] Embed Pods Frameworks */,
				FF17AFB69387D597D613EB71 /* [CP] Copy Pods Resources */,
				AF56E8E41ED62D4500776B51 /* SwiftLint */,
			);
			buildRules = (
			);
			dependencies = (
			);
			name = HCSocialSignIn;
			productName = HCSocialSignIn;
			productReference = AF56E8851ED53AD300776B51 /* HCSocialSignIn.app */;
			productType = "com.apple.product-type.application";
		};
		AF56E8981ED53AD300776B51 /* HCSocialSignInTests */ = {
			isa = PBXNativeTarget;
			buildConfigurationList = AF56E8B01ED53AD300776B51 /* Build configuration list for PBXNativeTarget "HCSocialSignInTests" */;
			buildPhases = (
				4073C7D03A202B36A75676A9 /* [CP] Check Pods Manifest.lock */,
				AF56E8951ED53AD300776B51 /* Sources */,
				AF56E8961ED53AD300776B51 /* Frameworks */,
				AF56E8971ED53AD300776B51 /* Resources */,
				FD0AED34E108DA2EF25D0A86 /* [CP] Embed Pods Frameworks */,
				ADF1AF54E6A493F48530D0C3 /* [CP] Copy Pods Resources */,
			);
			buildRules = (
			);
			dependencies = (
				AF56E89B1ED53AD300776B51 /* PBXTargetDependency */,
			);
			name = HCSocialSignInTests;
			productName = HCSocialSignInTests;
			productReference = AF56E8991ED53AD300776B51 /* HCSocialSignInTests.xctest */;
			productType = "com.apple.product-type.bundle.unit-test";
		};
		AF56E8A31ED53AD300776B51 /* HCSocialSignInUITests */ = {
			isa = PBXNativeTarget;
			buildConfigurationList = AF56E8B31ED53AD300776B51 /* Build configuration list for PBXNativeTarget "HCSocialSignInUITests" */;
			buildPhases = (
				E42C1D25A4ED6DE945F3E12A /* [CP] Check Pods Manifest.lock */,
				AF56E8A01ED53AD300776B51 /* Sources */,
				AF56E8A11ED53AD300776B51 /* Frameworks */,
				AF56E8A21ED53AD300776B51 /* Resources */,
				C352AFB6724F13B476C16A78 /* [CP] Embed Pods Frameworks */,
				B54683D42F9B867B8EA30CD9 /* [CP] Copy Pods Resources */,
			);
			buildRules = (
			);
			dependencies = (
				AF56E8A61ED53AD300776B51 /* PBXTargetDependency */,
			);
			name = HCSocialSignInUITests;
			productName = HCSocialSignInUITests;
			productReference = AF56E8A41ED53AD300776B51 /* HCSocialSignInUITests.xctest */;
			productType = "com.apple.product-type.bundle.ui-testing";
		};
/* End PBXNativeTarget section */

/* Begin PBXProject section */
		AF56E87D1ED53AD300776B51 /* Project object */ = {
			isa = PBXProject;
			attributes = {
				LastSwiftUpdateCheck = 0830;
				LastUpgradeCheck = 0830;
				ORGANIZATIONNAME = Hacknocraft;
				TargetAttributes = {
					AF56E8841ED53AD300776B51 = {
						CreatedOnToolsVersion = 8.3.2;
						DevelopmentTeam = 9S24R7N9D3;
						ProvisioningStyle = Manual;
					};
					AF56E8981ED53AD300776B51 = {
						CreatedOnToolsVersion = 8.3.2;
						DevelopmentTeam = 9S24R7N9D3;
						ProvisioningStyle = Automatic;
						TestTargetID = AF56E8841ED53AD300776B51;
					};
					AF56E8A31ED53AD300776B51 = {
						CreatedOnToolsVersion = 8.3.2;
						DevelopmentTeam = 9S24R7N9D3;
						ProvisioningStyle = Automatic;
						TestTargetID = AF56E8841ED53AD300776B51;
					};
				};
			};
			buildConfigurationList = AF56E8801ED53AD300776B51 /* Build configuration list for PBXProject "HCSocialSignIn" */;
			compatibilityVersion = "Xcode 3.2";
			developmentRegion = English;
			hasScannedForEncodings = 0;
			knownRegions = (
				en,
				Base,
			);
			mainGroup = AF56E87C1ED53AD300776B51;
			productRefGroup = AF56E8861ED53AD300776B51 /* Products */;
			projectDirPath = "";
			projectRoot = "";
			targets = (
				AF56E8841ED53AD300776B51 /* HCSocialSignIn */,
				AF56E8981ED53AD300776B51 /* HCSocialSignInTests */,
				AF56E8A31ED53AD300776B51 /* HCSocialSignInUITests */,
			);
		};
/* End PBXProject section */

/* Begin PBXResourcesBuildPhase section */
		AF56E8831ED53AD300776B51 /* Resources */ = {
			isa = PBXResourcesBuildPhase;
			buildActionMask = 2147483647;
			files = (
				AF56E8931ED53AD300776B51 /* LaunchScreen.storyboard in Resources */,
				AF56E8901ED53AD300776B51 /* Assets.xcassets in Resources */,
				AF56E88E1ED53AD300776B51 /* Main.storyboard in Resources */,
			);
			runOnlyForDeploymentPostprocessing = 0;
		};
		AF56E8971ED53AD300776B51 /* Resources */ = {
			isa = PBXResourcesBuildPhase;
			buildActionMask = 2147483647;
			files = (
			);
			runOnlyForDeploymentPostprocessing = 0;
		};
		AF56E8A21ED53AD300776B51 /* Resources */ = {
			isa = PBXResourcesBuildPhase;
			buildActionMask = 2147483647;
			files = (
			);
			runOnlyForDeploymentPostprocessing = 0;
		};
/* End PBXResourcesBuildPhase section */

/* Begin PBXShellScriptBuildPhase section */
		4073C7D03A202B36A75676A9 /* [CP] Check Pods Manifest.lock */ = {
			isa = PBXShellScriptBuildPhase;
			buildActionMask = 2147483647;
			files = (
			);
			inputPaths = (
			);
			name = "[CP] Check Pods Manifest.lock";
			outputPaths = (
			);
			runOnlyForDeploymentPostprocessing = 0;
			shellPath = /bin/sh;
			shellScript = "diff \"${PODS_PODFILE_DIR_PATH}/Podfile.lock\" \"${PODS_ROOT}/Manifest.lock\" > /dev/null\nif [ $? != 0 ] ; then\n    # print error to STDERR\n    echo \"error: The sandbox is not in sync with the Podfile.lock. Run 'pod install' or update your CocoaPods installation.\" >&2\n    exit 1\nfi\n";
			showEnvVarsInLog = 0;
		};
		ADF1AF54E6A493F48530D0C3 /* [CP] Copy Pods Resources */ = {
			isa = PBXShellScriptBuildPhase;
			buildActionMask = 2147483647;
			files = (
			);
			inputPaths = (
			);
			name = "[CP] Copy Pods Resources";
			outputPaths = (
			);
			runOnlyForDeploymentPostprocessing = 0;
			shellPath = /bin/sh;
			shellScript = "\"${SRCROOT}/Pods/Target Support Files/Pods-HCSocialSignInTests/Pods-HCSocialSignInTests-resources.sh\"\n";
			showEnvVarsInLog = 0;
		};
		AF56E8E41ED62D4500776B51 /* SwiftLint */ = {
			isa = PBXShellScriptBuildPhase;
			buildActionMask = 2147483647;
			files = (
			);
			inputPaths = (
			);
			name = SwiftLint;
			outputPaths = (
			);
			runOnlyForDeploymentPostprocessing = 0;
			shellPath = /bin/sh;
			shellScript = "if which swiftlint >/dev/null; then\nswiftlint\nelse\necho \"warning: SwiftLint not installed, download from https://github.com/realm/SwiftLint\"\nfi\n";
		};
		B54683D42F9B867B8EA30CD9 /* [CP] Copy Pods Resources */ = {
			isa = PBXShellScriptBuildPhase;
			buildActionMask = 2147483647;
			files = (
			);
			inputPaths = (
			);
			name = "[CP] Copy Pods Resources";
			outputPaths = (
			);
			runOnlyForDeploymentPostprocessing = 0;
			shellPath = /bin/sh;
			shellScript = "\"${SRCROOT}/Pods/Target Support Files/Pods-HCSocialSignInUITests/Pods-HCSocialSignInUITests-resources.sh\"\n";
			showEnvVarsInLog = 0;
		};
		C352AFB6724F13B476C16A78 /* [CP] Embed Pods Frameworks */ = {
			isa = PBXShellScriptBuildPhase;
			buildActionMask = 2147483647;
			files = (
			);
			inputPaths = (
			);
			name = "[CP] Embed Pods Frameworks";
			outputPaths = (
			);
			runOnlyForDeploymentPostprocessing = 0;
			shellPath = /bin/sh;
			shellScript = "\"${SRCROOT}/Pods/Target Support Files/Pods-HCSocialSignInUITests/Pods-HCSocialSignInUITests-frameworks.sh\"\n";
			showEnvVarsInLog = 0;
		};
		E42C1D25A4ED6DE945F3E12A /* [CP] Check Pods Manifest.lock */ = {
			isa = PBXShellScriptBuildPhase;
			buildActionMask = 2147483647;
			files = (
			);
			inputPaths = (
			);
			name = "[CP] Check Pods Manifest.lock";
			outputPaths = (
			);
			runOnlyForDeploymentPostprocessing = 0;
			shellPath = /bin/sh;
			shellScript = "diff \"${PODS_PODFILE_DIR_PATH}/Podfile.lock\" \"${PODS_ROOT}/Manifest.lock\" > /dev/null\nif [ $? != 0 ] ; then\n    # print error to STDERR\n    echo \"error: The sandbox is not in sync with the Podfile.lock. Run 'pod install' or update your CocoaPods installation.\" >&2\n    exit 1\nfi\n";
			showEnvVarsInLog = 0;
		};
		EB2754F78958554DCB0ED4AF /* [CP] Embed Pods Frameworks */ = {
			isa = PBXShellScriptBuildPhase;
			buildActionMask = 2147483647;
			files = (
			);
			inputPaths = (
			);
			name = "[CP] Embed Pods Frameworks";
			outputPaths = (
			);
			runOnlyForDeploymentPostprocessing = 0;
			shellPath = /bin/sh;
			shellScript = "\"${SRCROOT}/Pods/Target Support Files/Pods-HCSocialSignIn/Pods-HCSocialSignIn-frameworks.sh\"\n";
			showEnvVarsInLog = 0;
		};
		EBC56DE143F6A23E8605851A /* [CP] Check Pods Manifest.lock */ = {
			isa = PBXShellScriptBuildPhase;
			buildActionMask = 2147483647;
			files = (
			);
			inputPaths = (
			);
			name = "[CP] Check Pods Manifest.lock";
			outputPaths = (
			);
			runOnlyForDeploymentPostprocessing = 0;
			shellPath = /bin/sh;
			shellScript = "diff \"${PODS_PODFILE_DIR_PATH}/Podfile.lock\" \"${PODS_ROOT}/Manifest.lock\" > /dev/null\nif [ $? != 0 ] ; then\n    # print error to STDERR\n    echo \"error: The sandbox is not in sync with the Podfile.lock. Run 'pod install' or update your CocoaPods installation.\" >&2\n    exit 1\nfi\n";
			showEnvVarsInLog = 0;
		};
		FD0AED34E108DA2EF25D0A86 /* [CP] Embed Pods Frameworks */ = {
			isa = PBXShellScriptBuildPhase;
			buildActionMask = 2147483647;
			files = (
			);
			inputPaths = (
			);
			name = "[CP] Embed Pods Frameworks";
			outputPaths = (
			);
			runOnlyForDeploymentPostprocessing = 0;
			shellPath = /bin/sh;
			shellScript = "\"${SRCROOT}/Pods/Target Support Files/Pods-HCSocialSignInTests/Pods-HCSocialSignInTests-frameworks.sh\"\n";
			showEnvVarsInLog = 0;
		};
		FF17AFB69387D597D613EB71 /* [CP] Copy Pods Resources */ = {
			isa = PBXShellScriptBuildPhase;
			buildActionMask = 2147483647;
			files = (
			);
			inputPaths = (
			);
			name = "[CP] Copy Pods Resources";
			outputPaths = (
			);
			runOnlyForDeploymentPostprocessing = 0;
			shellPath = /bin/sh;
			shellScript = "\"${SRCROOT}/Pods/Target Support Files/Pods-HCSocialSignIn/Pods-HCSocialSignIn-resources.sh\"\n";
			showEnvVarsInLog = 0;
		};
/* End PBXShellScriptBuildPhase section */

/* Begin PBXSourcesBuildPhase section */
		AF56E8811ED53AD300776B51 /* Sources */ = {
			isa = PBXSourcesBuildPhase;
			buildActionMask = 2147483647;
			files = (
				FD8C940F1EE12894004C2C3D /* HCLinkedInManager.swift in Sources */,
				AF56E8E31ED6259900776B51 /* HCFacebookManager.swift in Sources */,
				FD036DC31EE54DB8001EE965 /* LinkedInWebViewController.swift in Sources */,
				AF56E88B1ED53AD300776B51 /* LandingViewController.swift in Sources */,
				AF56E8B81ED55D4900776B51 /* HCAppDelegateExtension.swift in Sources */,
				AF56E8BA1ED601D000776B51 /* ProfileViewController.swift in Sources */,
				AF56E8891ED53AD300776B51 /* AppDelegate.swift in Sources */,
			);
			runOnlyForDeploymentPostprocessing = 0;
		};
		AF56E8951ED53AD300776B51 /* Sources */ = {
			isa = PBXSourcesBuildPhase;
			buildActionMask = 2147483647;
			files = (
				AFBDEC5E1EF5B3B500DD0314 /* HCLinkedInManager.swift in Sources */,
				AF56E89E1ED53AD300776B51 /* HCSocialSignInTests.swift in Sources */,
				AFBDEC5F1EF5BA5300DD0314 /* LinkedInWebViewController.swift in Sources */,
			);
			runOnlyForDeploymentPostprocessing = 0;
		};
		AF56E8A01ED53AD300776B51 /* Sources */ = {
			isa = PBXSourcesBuildPhase;
			buildActionMask = 2147483647;
			files = (
				AF56E8A91ED53AD300776B51 /* HCSocialSignInUITests.swift in Sources */,
			);
			runOnlyForDeploymentPostprocessing = 0;
		};
/* End PBXSourcesBuildPhase section */

/* Begin PBXTargetDependency section */
		AF56E89B1ED53AD300776B51 /* PBXTargetDependency */ = {
			isa = PBXTargetDependency;
			target = AF56E8841ED53AD300776B51 /* HCSocialSignIn */;
			targetProxy = AF56E89A1ED53AD300776B51 /* PBXContainerItemProxy */;
		};
		AF56E8A61ED53AD300776B51 /* PBXTargetDependency */ = {
			isa = PBXTargetDependency;
			target = AF56E8841ED53AD300776B51 /* HCSocialSignIn */;
			targetProxy = AF56E8A51ED53AD300776B51 /* PBXContainerItemProxy */;
		};
/* End PBXTargetDependency section */

/* Begin PBXVariantGroup section */
		AF56E88C1ED53AD300776B51 /* Main.storyboard */ = {
			isa = PBXVariantGroup;
			children = (
				AF56E88D1ED53AD300776B51 /* Base */,
			);
			name = Main.storyboard;
			sourceTree = "<group>";
		};
		AF56E8911ED53AD300776B51 /* LaunchScreen.storyboard */ = {
			isa = PBXVariantGroup;
			children = (
				AF56E8921ED53AD300776B51 /* Base */,
			);
			name = LaunchScreen.storyboard;
			sourceTree = "<group>";
		};
/* End PBXVariantGroup section */

/* Begin XCBuildConfiguration section */
		AF56E8AB1ED53AD300776B51 /* Debug */ = {
			isa = XCBuildConfiguration;
			buildSettings = {
				ALWAYS_SEARCH_USER_PATHS = NO;
				CLANG_ANALYZER_NONNULL = YES;
				CLANG_ANALYZER_NUMBER_OBJECT_CONVERSION = YES_AGGRESSIVE;
				CLANG_CXX_LANGUAGE_STANDARD = "gnu++0x";
				CLANG_CXX_LIBRARY = "libc++";
				CLANG_ENABLE_MODULES = YES;
				CLANG_ENABLE_OBJC_ARC = YES;
				CLANG_WARN_BOOL_CONVERSION = YES;
				CLANG_WARN_CONSTANT_CONVERSION = YES;
				CLANG_WARN_DIRECT_OBJC_ISA_USAGE = YES_ERROR;
				CLANG_WARN_DOCUMENTATION_COMMENTS = YES;
				CLANG_WARN_EMPTY_BODY = YES;
				CLANG_WARN_ENUM_CONVERSION = YES;
				CLANG_WARN_INFINITE_RECURSION = YES;
				CLANG_WARN_INT_CONVERSION = YES;
				CLANG_WARN_OBJC_ROOT_CLASS = YES_ERROR;
				CLANG_WARN_SUSPICIOUS_MOVE = YES;
				CLANG_WARN_UNREACHABLE_CODE = YES;
				CLANG_WARN__DUPLICATE_METHOD_MATCH = YES;
				"CODE_SIGN_IDENTITY[sdk=iphoneos*]" = "iPhone Developer";
				COPY_PHASE_STRIP = NO;
				DEBUG_INFORMATION_FORMAT = dwarf;
				ENABLE_STRICT_OBJC_MSGSEND = YES;
				ENABLE_TESTABILITY = YES;
				GCC_C_LANGUAGE_STANDARD = gnu99;
				GCC_DYNAMIC_NO_PIC = NO;
				GCC_NO_COMMON_BLOCKS = YES;
				GCC_OPTIMIZATION_LEVEL = 0;
				GCC_PREPROCESSOR_DEFINITIONS = (
					"DEBUG=1",
					"$(inherited)",
				);
				GCC_WARN_64_TO_32_BIT_CONVERSION = YES;
				GCC_WARN_ABOUT_RETURN_TYPE = YES_ERROR;
				GCC_WARN_UNDECLARED_SELECTOR = YES;
				GCC_WARN_UNINITIALIZED_AUTOS = YES_AGGRESSIVE;
				GCC_WARN_UNUSED_FUNCTION = YES;
				GCC_WARN_UNUSED_VARIABLE = YES;
				IPHONEOS_DEPLOYMENT_TARGET = 10.3;
				MTL_ENABLE_DEBUG_INFO = YES;
				ONLY_ACTIVE_ARCH = YES;
				SDKROOT = iphoneos;
				SWIFT_ACTIVE_COMPILATION_CONDITIONS = DEBUG;
				SWIFT_OPTIMIZATION_LEVEL = "-Onone";
			};
			name = Debug;
		};
		AF56E8AC1ED53AD300776B51 /* Release */ = {
			isa = XCBuildConfiguration;
			buildSettings = {
				ALWAYS_SEARCH_USER_PATHS = NO;
				CLANG_ANALYZER_NONNULL = YES;
				CLANG_ANALYZER_NUMBER_OBJECT_CONVERSION = YES_AGGRESSIVE;
				CLANG_CXX_LANGUAGE_STANDARD = "gnu++0x";
				CLANG_CXX_LIBRARY = "libc++";
				CLANG_ENABLE_MODULES = YES;
				CLANG_ENABLE_OBJC_ARC = YES;
				CLANG_WARN_BOOL_CONVERSION = YES;
				CLANG_WARN_CONSTANT_CONVERSION = YES;
				CLANG_WARN_DIRECT_OBJC_ISA_USAGE = YES_ERROR;
				CLANG_WARN_DOCUMENTATION_COMMENTS = YES;
				CLANG_WARN_EMPTY_BODY = YES;
				CLANG_WARN_ENUM_CONVERSION = YES;
				CLANG_WARN_INFINITE_RECURSION = YES;
				CLANG_WARN_INT_CONVERSION = YES;
				CLANG_WARN_OBJC_ROOT_CLASS = YES_ERROR;
				CLANG_WARN_SUSPICIOUS_MOVE = YES;
				CLANG_WARN_UNREACHABLE_CODE = YES;
				CLANG_WARN__DUPLICATE_METHOD_MATCH = YES;
				"CODE_SIGN_IDENTITY[sdk=iphoneos*]" = "iPhone Developer";
				COPY_PHASE_STRIP = NO;
				DEBUG_INFORMATION_FORMAT = "dwarf-with-dsym";
				ENABLE_NS_ASSERTIONS = NO;
				ENABLE_STRICT_OBJC_MSGSEND = YES;
				GCC_C_LANGUAGE_STANDARD = gnu99;
				GCC_NO_COMMON_BLOCKS = YES;
				GCC_WARN_64_TO_32_BIT_CONVERSION = YES;
				GCC_WARN_ABOUT_RETURN_TYPE = YES_ERROR;
				GCC_WARN_UNDECLARED_SELECTOR = YES;
				GCC_WARN_UNINITIALIZED_AUTOS = YES_AGGRESSIVE;
				GCC_WARN_UNUSED_FUNCTION = YES;
				GCC_WARN_UNUSED_VARIABLE = YES;
				IPHONEOS_DEPLOYMENT_TARGET = 10.3;
				MTL_ENABLE_DEBUG_INFO = NO;
				SDKROOT = iphoneos;
				SWIFT_OPTIMIZATION_LEVEL = "-Owholemodule";
				VALIDATE_PRODUCT = YES;
			};
			name = Release;
		};
		AF56E8AE1ED53AD300776B51 /* Debug */ = {
			isa = XCBuildConfiguration;
			baseConfigurationReference = D27C9F5524C8B6AB495B2A9C /* Pods-HCSocialSignIn.debug.xcconfig */;
			buildSettings = {
				ASSETCATALOG_COMPILER_APPICON_NAME = AppIcon;
				DEVELOPMENT_TEAM = 9S24R7N9D3;
				FRAMEWORK_SEARCH_PATHS = (
					"$(inherited)",
					"$(PROJECT_DIR)/Source",
				);
				INFOPLIST_FILE = HCSocialSignIn/Info.plist;
				IPHONEOS_DEPLOYMENT_TARGET = 9.0;
				LD_RUNPATH_SEARCH_PATHS = "$(inherited) @executable_path/Frameworks";
				PRODUCT_BUNDLE_IDENTIFIER = com.hacknocraft.HCSocialSignIn;
				PRODUCT_NAME = "$(TARGET_NAME)";
				PROVISIONING_PROFILE = "bf72e62f-8f73-4f9e-9b9f-5c8b1f15dc30";
				PROVISIONING_PROFILE_SPECIFIER = SocialSignInSDK_dev;
				SWIFT_OBJC_BRIDGING_HEADER = "./HCSocialSignIn/HCSocialSignIn-Bridging-Header.h";
				SWIFT_VERSION = 3.0;
			};
			name = Debug;
		};
		AF56E8AF1ED53AD300776B51 /* Release */ = {
			isa = XCBuildConfiguration;
			baseConfigurationReference = 6F4319A3BD2DE83EF6EF115B /* Pods-HCSocialSignIn.release.xcconfig */;
			buildSettings = {
				ASSETCATALOG_COMPILER_APPICON_NAME = AppIcon;
				DEVELOPMENT_TEAM = "";
				FRAMEWORK_SEARCH_PATHS = (
					"$(inherited)",
					"$(PROJECT_DIR)/Source",
				);
				INFOPLIST_FILE = HCSocialSignIn/Info.plist;
				IPHONEOS_DEPLOYMENT_TARGET = 9.0;
				LD_RUNPATH_SEARCH_PATHS = "$(inherited) @executable_path/Frameworks";
				PRODUCT_BUNDLE_IDENTIFIER = com.hacknocraft.HCSocialSignIn;
				PRODUCT_NAME = "$(TARGET_NAME)";
				PROVISIONING_PROFILE_SPECIFIER = "";
				SWIFT_OBJC_BRIDGING_HEADER = "./HCSocialSignIn/HCSocialSignIn-Bridging-Header.h";
				SWIFT_VERSION = 3.0;
			};
			name = Release;
		};
		AF56E8B11ED53AD300776B51 /* Debug */ = {
			isa = XCBuildConfiguration;
			baseConfigurationReference = B406E58B9E30D596A95FD063 /* Pods-HCSocialSignInTests.debug.xcconfig */;
			buildSettings = {
				ALWAYS_EMBED_SWIFT_STANDARD_LIBRARIES = YES;
				BUNDLE_LOADER = "$(TEST_HOST)";
				DEVELOPMENT_TEAM = 9S24R7N9D3;
				INFOPLIST_FILE = HCSocialSignInTests/Info.plist;
				LD_RUNPATH_SEARCH_PATHS = "$(inherited) @executable_path/Frameworks @loader_path/Frameworks";
				PRODUCT_BUNDLE_IDENTIFIER = com.hacknocraft.HCSocialSignInTests;
				PRODUCT_NAME = "$(TARGET_NAME)";
				SWIFT_VERSION = 3.0;
				TEST_HOST = "$(BUILT_PRODUCTS_DIR)/HCSocialSignIn.app/HCSocialSignIn";
			};
			name = Debug;
		};
		AF56E8B21ED53AD300776B51 /* Release */ = {
			isa = XCBuildConfiguration;
			baseConfigurationReference = 7174541415ED3EC4C0F71DAB /* Pods-HCSocialSignInTests.release.xcconfig */;
			buildSettings = {
				ALWAYS_EMBED_SWIFT_STANDARD_LIBRARIES = YES;
				BUNDLE_LOADER = "$(TEST_HOST)";
				DEVELOPMENT_TEAM = 9S24R7N9D3;
				INFOPLIST_FILE = HCSocialSignInTests/Info.plist;
				LD_RUNPATH_SEARCH_PATHS = "$(inherited) @executable_path/Frameworks @loader_path/Frameworks";
				PRODUCT_BUNDLE_IDENTIFIER = com.hacknocraft.HCSocialSignInTests;
				PRODUCT_NAME = "$(TARGET_NAME)";
				SWIFT_VERSION = 3.0;
				TEST_HOST = "$(BUILT_PRODUCTS_DIR)/HCSocialSignIn.app/HCSocialSignIn";
			};
			name = Release;
		};
		AF56E8B41ED53AD300776B51 /* Debug */ = {
			isa = XCBuildConfiguration;
			baseConfigurationReference = 8B1080189BB9CCD49E597309 /* Pods-HCSocialSignInUITests.debug.xcconfig */;
			buildSettings = {
				ALWAYS_EMBED_SWIFT_STANDARD_LIBRARIES = YES;
				DEVELOPMENT_TEAM = 9S24R7N9D3;
				INFOPLIST_FILE = HCSocialSignInUITests/Info.plist;
				LD_RUNPATH_SEARCH_PATHS = "$(inherited) @executable_path/Frameworks @loader_path/Frameworks";
				PRODUCT_BUNDLE_IDENTIFIER = com.hacknocraft.HCSocialSignInUITests;
				PRODUCT_NAME = "$(TARGET_NAME)";
				SWIFT_VERSION = 3.0;
				TEST_TARGET_NAME = HCSocialSignIn;
			};
			name = Debug;
		};
		AF56E8B51ED53AD300776B51 /* Release */ = {
			isa = XCBuildConfiguration;
			baseConfigurationReference = A7C8CAFD13C6BE1D666ACA99 /* Pods-HCSocialSignInUITests.release.xcconfig */;
			buildSettings = {
				ALWAYS_EMBED_SWIFT_STANDARD_LIBRARIES = YES;
				DEVELOPMENT_TEAM = 9S24R7N9D3;
				INFOPLIST_FILE = HCSocialSignInUITests/Info.plist;
				LD_RUNPATH_SEARCH_PATHS = "$(inherited) @executable_path/Frameworks @loader_path/Frameworks";
				PRODUCT_BUNDLE_IDENTIFIER = com.hacknocraft.HCSocialSignInUITests;
				PRODUCT_NAME = "$(TARGET_NAME)";
				SWIFT_VERSION = 3.0;
				TEST_TARGET_NAME = HCSocialSignIn;
			};
			name = Release;
		};
/* End XCBuildConfiguration section */

/* Begin XCConfigurationList section */
		AF56E8801ED53AD300776B51 /* Build configuration list for PBXProject "HCSocialSignIn" */ = {
			isa = XCConfigurationList;
			buildConfigurations = (
				AF56E8AB1ED53AD300776B51 /* Debug */,
				AF56E8AC1ED53AD300776B51 /* Release */,
			);
			defaultConfigurationIsVisible = 0;
			defaultConfigurationName = Release;
		};
		AF56E8AD1ED53AD300776B51 /* Build configuration list for PBXNativeTarget "HCSocialSignIn" */ = {
			isa = XCConfigurationList;
			buildConfigurations = (
				AF56E8AE1ED53AD300776B51 /* Debug */,
				AF56E8AF1ED53AD300776B51 /* Release */,
			);
			defaultConfigurationIsVisible = 0;
			defaultConfigurationName = Release;
		};
		AF56E8B01ED53AD300776B51 /* Build configuration list for PBXNativeTarget "HCSocialSignInTests" */ = {
			isa = XCConfigurationList;
			buildConfigurations = (
				AF56E8B11ED53AD300776B51 /* Debug */,
				AF56E8B21ED53AD300776B51 /* Release */,
			);
			defaultConfigurationIsVisible = 0;
			defaultConfigurationName = Release;
		};
		AF56E8B31ED53AD300776B51 /* Build configuration list for PBXNativeTarget "HCSocialSignInUITests" */ = {
			isa = XCConfigurationList;
			buildConfigurations = (
				AF56E8B41ED53AD300776B51 /* Debug */,
				AF56E8B51ED53AD300776B51 /* Release */,
			);
			defaultConfigurationIsVisible = 0;
			defaultConfigurationName = Release;
		};
/* End XCConfigurationList section */
	};
	rootObject = AF56E87D1ED53AD300776B51 /* Project object */;
}
